
Microsoft Visual Studio Solution File, Format Version 12.00
# Visual Studio Version 17
VisualStudioVersion = 17.4.33103.184
MinimumVisualStudioVersion = 10.0.40219.1
Project("{FAE04EC0-301F-11D3-BF4B-00C04F79EFBC}") = "KumarEndSem", "KumarEndSem.csproj", "{F2D7A0D2-41EC-4C4F-A9E5-A94FD288EEBB}"
EndProject
Global
	GlobalSection(SolutionConfigurationPlatforms) = preSolution
		Debug|Any CPU = Debug|Any CPU
		Release|Any CPU = Release|Any CPU
	EndGlobalSection
	GlobalSection(ProjectConfigurationPlatforms) = postSolution
		{F2D7A0D2-41EC-4C4F-A9E5-A94FD288EEBB}.Debug|Any CPU.ActiveCfg = Debug|Any CPU
		{F2D7A0D2-41EC-4C4F-A9E5-A94FD288EEBB}.Debug|Any CPU.Build.0 = Debug|Any CPU
		{F2D7A0D2-41EC-4C4F-A9E5-A94FD288EEBB}.Release|Any CPU.ActiveCfg = Release|Any CPU
		{F2D7A0D2-41EC-4C4F-A9E5-A94FD288EEBB}.Release|Any CPU.Build.0 = Release|Any CPU
	EndGlobalSection
	GlobalSection(SolutionProperties) = preSolution
		HideSolutionNode = FALSE
	EndGlobalSection
	GlobalSection(ExtensibilityGlobals) = postSolution
		SolutionGuid = {C8D08F14-AF84-4FCE-945B-11C5DD12CB5E}
	EndGlobalSection
EndGlobal
